
Microsoft Visual Studio Solution File, Format Version 12.00
# Visual Studio Version 16
VisualStudioVersion = 16.0.30114.105
MinimumVisualStudioVersion = 10.0.40219.1
Project("{CA91A85A-7ECF-45BE-A89F-B23C9891FCF8}") = "ScholarSync", "ScholarSync.csproj", "{8C108A31-9550-476B-B6FD-72AFE750C535}"
EndProject
Global
	GlobalSection(SolutionConfigurationPlatforms) = preSolution
		Debug|Any CPU = Debug|Any CPU
		Release|Any CPU = Release|Any CPU
	EndGlobalSection
	GlobalSection(SolutionProperties) = preSolution
		HideSolutionNode = FALSE
	EndGlobalSection
	GlobalSection(ProjectConfigurationPlatforms) = postSolution
		{8C108A31-9550-476B-B6FD-72AFE750C535}.Debug|Any CPU.ActiveCfg = Debug|Any CPU
		{8C108A31-9550-476B-B6FD-72AFE750C535}.Debug|Any CPU.Build.0 = Debug|Any CPU
		{8C108A31-9550-476B-B6FD-72AFE750C535}.Release|Any CPU.ActiveCfg = Release|Any CPU
		{8C108A31-9550-476B-B6FD-72AFE750C535}.Release|Any CPU.Build.0 = Release|Any CPU
	EndGlobalSection
EndGlobal
